
Microsoft Visual Studio Solution File, Format Version 12.00
# Visual Studio Version 17
VisualStudioVersion = 17.10.35013.160
MinimumVisualStudioVersion = 10.0.40219.1
Project("{9A19103F-16F7-4668-BE54-9A1E7A4F7556}") = "Monsalma_AvaloniaNativeVideoPlayer", "Monsalma_AvaloniaNativeVideoPlayer\Monsalma_AvaloniaNativeVideoPlayer.csproj", "{6A4F8FBD-1F1F-4EAE-93D9-B3C4ED310989}"
EndProject
Project("{9A19103F-16F7-4668-BE54-9A1E7A4F7556}") = "Monsalma_AvaloniaNativeVideoPlayer.Android", "Monsalma_AvaloniaNativeVideoPlayer.Android\Monsalma_AvaloniaNativeVideoPlayer.Android.csproj", "{D9AA9481-4467-47C7-BF09-2E0652B66673}"
EndProject
Project("{9A19103F-16F7-4668-BE54-9A1E7A4F7556}") = "Monsalma_AvaloniaNativeVideoPlayer.Desktop", "Monsalma_AvaloniaNativeVideoPlayer.Desktop\Monsalma_AvaloniaNativeVideoPlayer.Desktop.csproj", "{0CCA0A84-AD31-45ED-8F5D-D719CF1B59BA}"
EndProject
Global
	GlobalSection(SolutionConfigurationPlatforms) = preSolution
		Debug|Any CPU = Debug|Any CPU
		Release|Any CPU = Release|Any CPU
	EndGlobalSection
	GlobalSection(ProjectConfigurationPlatforms) = postSolution
		{6A4F8FBD-1F1F-4EAE-93D9-B3C4ED310989}.Debug|Any CPU.ActiveCfg = Debug|Any CPU
		{6A4F8FBD-1F1F-4EAE-93D9-B3C4ED310989}.Debug|Any CPU.Build.0 = Debug|Any CPU
		{6A4F8FBD-1F1F-4EAE-93D9-B3C4ED310989}.Release|Any CPU.ActiveCfg = Release|Any CPU
		{6A4F8FBD-1F1F-4EAE-93D9-B3C4ED310989}.Release|Any CPU.Build.0 = Release|Any CPU
		{D9AA9481-4467-47C7-BF09-2E0652B66673}.Debug|Any CPU.ActiveCfg = Debug|Any CPU
		{D9AA9481-4467-47C7-BF09-2E0652B66673}.Debug|Any CPU.Build.0 = Debug|Any CPU
		{D9AA9481-4467-47C7-BF09-2E0652B66673}.Debug|Any CPU.Deploy.0 = Debug|Any CPU
		{D9AA9481-4467-47C7-BF09-2E0652B66673}.Release|Any CPU.ActiveCfg = Release|Any CPU
		{D9AA9481-4467-47C7-BF09-2E0652B66673}.Release|Any CPU.Build.0 = Release|Any CPU
		{D9AA9481-4467-47C7-BF09-2E0652B66673}.Release|Any CPU.Deploy.0 = Release|Any CPU
		{0CCA0A84-AD31-45ED-8F5D-D719CF1B59BA}.Debug|Any CPU.ActiveCfg = Debug|Any CPU
		{0CCA0A84-AD31-45ED-8F5D-D719CF1B59BA}.Debug|Any CPU.Build.0 = Debug|Any CPU
		{0CCA0A84-AD31-45ED-8F5D-D719CF1B59BA}.Release|Any CPU.ActiveCfg = Release|Any CPU
		{0CCA0A84-AD31-45ED-8F5D-D719CF1B59BA}.Release|Any CPU.Build.0 = Release|Any CPU
	EndGlobalSection
	GlobalSection(SolutionProperties) = preSolution
		HideSolutionNode = FALSE
	EndGlobalSection
	GlobalSection(ExtensibilityGlobals) = postSolution
		SolutionGuid = {D131042E-8C0F-4662-B9A5-2FD102A5A4E1}
	EndGlobalSection
EndGlobal
